
Microsoft Visual Studio Solution File, Format Version 12.00
# Visual Studio Version 16
VisualStudioVersion = 16.0.29503.13
MinimumVisualStudioVersion = 10.0.40219.1
Project("{FAE04EC0-301F-11D3-BF4B-00C04F79EFBC}") = "Projekt", "Projekt\Projekt.csproj", "{4DF6AFC8-4783-4704-A047-CAAD21AE601E}"
EndProject
Global
	GlobalSection(SolutionConfigurationPlatforms) = preSolution
		Debug|Any CPU = Debug|Any CPU
		Release|Any CPU = Release|Any CPU
	EndGlobalSection
	GlobalSection(ProjectConfigurationPlatforms) = postSolution
		{4DF6AFC8-4783-4704-A047-CAAD21AE601E}.Debug|Any CPU.ActiveCfg = Debug|Any CPU
		{4DF6AFC8-4783-4704-A047-CAAD21AE601E}.Debug|Any CPU.Build.0 = Debug|Any CPU
		{4DF6AFC8-4783-4704-A047-CAAD21AE601E}.Release|Any CPU.ActiveCfg = Release|Any CPU
		{4DF6AFC8-4783-4704-A047-CAAD21AE601E}.Release|Any CPU.Build.0 = Release|Any CPU
	EndGlobalSection
	GlobalSection(SolutionProperties) = preSolution
		HideSolutionNode = FALSE
	EndGlobalSection
	GlobalSection(ExtensibilityGlobals) = postSolution
		SolutionGuid = {FFE88468-CEB5-43DB-AF26-334B2964808D}
	EndGlobalSection
EndGlobal
